
Microsoft Visual Studio Solution File, Format Version 12.00
# Visual Studio Version 17
VisualStudioVersion = 17.7.34009.444
MinimumVisualStudioVersion = 10.0.40219.1
Project("{FAE04EC0-301F-11D3-BF4B-00C04F79EFBC}") = "AppLuckyNumber(Client)", "AppLuckyNumber(Client)\AppLuckyNumber(Client).csproj", "{57A6BE5F-B85D-4202-8E24-0F51F7692863}"
EndProject
Global
	GlobalSection(SolutionConfigurationPlatforms) = preSolution
		Debug|Any CPU = Debug|Any CPU
		Release|Any CPU = Release|Any CPU
	EndGlobalSection
	GlobalSection(ProjectConfigurationPlatforms) = postSolution
		{57A6BE5F-B85D-4202-8E24-0F51F7692863}.Debug|Any CPU.ActiveCfg = Debug|Any CPU
		{57A6BE5F-B85D-4202-8E24-0F51F7692863}.Debug|Any CPU.Build.0 = Debug|Any CPU
		{57A6BE5F-B85D-4202-8E24-0F51F7692863}.Release|Any CPU.ActiveCfg = Release|Any CPU
		{57A6BE5F-B85D-4202-8E24-0F51F7692863}.Release|Any CPU.Build.0 = Release|Any CPU
	EndGlobalSection
	GlobalSection(SolutionProperties) = preSolution
		HideSolutionNode = FALSE
	EndGlobalSection
	GlobalSection(ExtensibilityGlobals) = postSolution
		SolutionGuid = {0D737FFA-8D88-4A49-B9D6-72569610A603}
	EndGlobalSection
EndGlobal
